
Microsoft Visual Studio Solution File, Format Version 12.00
# Visual Studio Version 17
VisualStudioVersion = 17.9.34723.18
MinimumVisualStudioVersion = 10.0.40219.1
Project("{2150E333-8FDC-42A3-9474-1A3956D46DE8}") = "Backend", "Backend", "{BAF29C69-AC21-4030-8659-2073B6980E93}"
EndProject
Project("{2150E333-8FDC-42A3-9474-1A3956D46DE8}") = "Infrastructure", "Infrastructure", "{BE748D50-6C9F-420B-A54C-2BE6EF8C60B5}"
EndProject
Project("{2150E333-8FDC-42A3-9474-1A3956D46DE8}") = "Domain", "Domain", "{B8BCF1EA-6B47-43FC-85D2-4DEDFE549240}"
EndProject
Project("{2150E333-8FDC-42A3-9474-1A3956D46DE8}") = "Library", "Library", "{8F402488-2F5C-4812-95C9-E93B9AC3DD63}"
EndProject
Project("{2150E333-8FDC-42A3-9474-1A3956D46DE8}") = "Security", "Security", "{E1CA1300-510E-4F38-8775-7A9DBB6FF654}"
EndProject
Project("{9A19103F-16F7-4668-BE54-9A1E7A4F7556}") = "Library.Service", "Backend\Domain\Library\Library.Service\Library.Service.csproj", "{9E7D1CC7-14B2-4328-94A4-C59015637460}"
EndProject
Project("{9A19103F-16F7-4668-BE54-9A1E7A4F7556}") = "Security.Service", "Backend\Infrastructure\Security\Security.Service\Security.Service.csproj", "{D723AC4D-C297-4EC4-A19C-E24CC7DC9A80}"
EndProject
Project("{E53339B2-1760-4266-BCC7-CA923CBCF16C}") = "docker-compose", "docker-compose.dcproj", "{49EA4969-3279-47D4-837D-34C7875473E8}"
EndProject
Project("{2150E333-8FDC-42A3-9474-1A3956D46DE8}") = "Database", "Database", "{B543C93E-DDB6-4F4E-A342-A314FDD8EA5D}"
EndProject
Project("{00D1A9C2-B5F0-4AF3-8072-F6C62B433612}") = "Library.Db", "Backend\Infrastructure\Database\Library.Db\Library.Db.sqlproj", "{37F357AA-9BDA-48B4-B4EB-9370668BF430}"
EndProject
Project("{2150E333-8FDC-42A3-9474-1A3956D46DE8}") = "keycloak", "keycloak", "{AFD0FD08-6D7A-4827-A029-241B7D18B7A3}"
	ProjectSection(SolutionItems) = preProject
		Backend\Infrastructure\Security\Keycloak\Configuration.txt = Backend\Infrastructure\Security\Keycloak\Configuration.txt
	EndProjectSection
EndProject
Project("{2150E333-8FDC-42A3-9474-1A3956D46DE8}") = "FrontEnd", "FrontEnd", "{42ED07F9-026F-46EF-BFE3-13AACCFAEBE7}"
EndProject
Project("{2150E333-8FDC-42A3-9474-1A3956D46DE8}") = "Angular", "Angular", "{9D363117-A5E3-4EC1-B526-6E483CD5EFC2}"
EndProject
Project("{54A90642-561A-4BB1-A94E-469ADEE60C69}") = "full-stack-ng", "FrontEnd\Angular\full-stack-ng\full-stack-ng.esproj", "{764A6D51-6845-448B-ACD8-3765F5766A4D}"
EndProject
Global
	GlobalSection(SolutionConfigurationPlatforms) = preSolution
		Debug|Any CPU = Debug|Any CPU
		Release|Any CPU = Release|Any CPU
	EndGlobalSection
	GlobalSection(ProjectConfigurationPlatforms) = postSolution
		{9E7D1CC7-14B2-4328-94A4-C59015637460}.Debug|Any CPU.ActiveCfg = Debug|Any CPU
		{9E7D1CC7-14B2-4328-94A4-C59015637460}.Debug|Any CPU.Build.0 = Debug|Any CPU
		{9E7D1CC7-14B2-4328-94A4-C59015637460}.Release|Any CPU.ActiveCfg = Release|Any CPU
		{9E7D1CC7-14B2-4328-94A4-C59015637460}.Release|Any CPU.Build.0 = Release|Any CPU
		{D723AC4D-C297-4EC4-A19C-E24CC7DC9A80}.Debug|Any CPU.ActiveCfg = Debug|Any CPU
		{D723AC4D-C297-4EC4-A19C-E24CC7DC9A80}.Debug|Any CPU.Build.0 = Debug|Any CPU
		{D723AC4D-C297-4EC4-A19C-E24CC7DC9A80}.Release|Any CPU.ActiveCfg = Release|Any CPU
		{D723AC4D-C297-4EC4-A19C-E24CC7DC9A80}.Release|Any CPU.Build.0 = Release|Any CPU
		{49EA4969-3279-47D4-837D-34C7875473E8}.Debug|Any CPU.ActiveCfg = Debug|Any CPU
		{49EA4969-3279-47D4-837D-34C7875473E8}.Debug|Any CPU.Build.0 = Debug|Any CPU
		{49EA4969-3279-47D4-837D-34C7875473E8}.Release|Any CPU.ActiveCfg = Release|Any CPU
		{49EA4969-3279-47D4-837D-34C7875473E8}.Release|Any CPU.Build.0 = Release|Any CPU
		{37F357AA-9BDA-48B4-B4EB-9370668BF430}.Debug|Any CPU.ActiveCfg = Debug|Any CPU
		{37F357AA-9BDA-48B4-B4EB-9370668BF430}.Debug|Any CPU.Build.0 = Debug|Any CPU
		{37F357AA-9BDA-48B4-B4EB-9370668BF430}.Debug|Any CPU.Deploy.0 = Debug|Any CPU
		{37F357AA-9BDA-48B4-B4EB-9370668BF430}.Release|Any CPU.ActiveCfg = Release|Any CPU
		{37F357AA-9BDA-48B4-B4EB-9370668BF430}.Release|Any CPU.Build.0 = Release|Any CPU
		{37F357AA-9BDA-48B4-B4EB-9370668BF430}.Release|Any CPU.Deploy.0 = Release|Any CPU
		{764A6D51-6845-448B-ACD8-3765F5766A4D}.Debug|Any CPU.ActiveCfg = Debug|Any CPU
		{764A6D51-6845-448B-ACD8-3765F5766A4D}.Debug|Any CPU.Build.0 = Debug|Any CPU
		{764A6D51-6845-448B-ACD8-3765F5766A4D}.Debug|Any CPU.Deploy.0 = Debug|Any CPU
		{764A6D51-6845-448B-ACD8-3765F5766A4D}.Release|Any CPU.ActiveCfg = Release|Any CPU
		{764A6D51-6845-448B-ACD8-3765F5766A4D}.Release|Any CPU.Build.0 = Release|Any CPU
		{764A6D51-6845-448B-ACD8-3765F5766A4D}.Release|Any CPU.Deploy.0 = Release|Any CPU
	EndGlobalSection
	GlobalSection(SolutionProperties) = preSolution
		HideSolutionNode = FALSE
	EndGlobalSection
	GlobalSection(NestedProjects) = preSolution
		{BE748D50-6C9F-420B-A54C-2BE6EF8C60B5} = {BAF29C69-AC21-4030-8659-2073B6980E93}
		{B8BCF1EA-6B47-43FC-85D2-4DEDFE549240} = {BAF29C69-AC21-4030-8659-2073B6980E93}
		{8F402488-2F5C-4812-95C9-E93B9AC3DD63} = {B8BCF1EA-6B47-43FC-85D2-4DEDFE549240}
		{E1CA1300-510E-4F38-8775-7A9DBB6FF654} = {BE748D50-6C9F-420B-A54C-2BE6EF8C60B5}
		{9E7D1CC7-14B2-4328-94A4-C59015637460} = {8F402488-2F5C-4812-95C9-E93B9AC3DD63}
		{D723AC4D-C297-4EC4-A19C-E24CC7DC9A80} = {E1CA1300-510E-4F38-8775-7A9DBB6FF654}
		{B543C93E-DDB6-4F4E-A342-A314FDD8EA5D} = {BE748D50-6C9F-420B-A54C-2BE6EF8C60B5}
		{37F357AA-9BDA-48B4-B4EB-9370668BF430} = {B543C93E-DDB6-4F4E-A342-A314FDD8EA5D}
		{AFD0FD08-6D7A-4827-A029-241B7D18B7A3} = {E1CA1300-510E-4F38-8775-7A9DBB6FF654}
		{9D363117-A5E3-4EC1-B526-6E483CD5EFC2} = {42ED07F9-026F-46EF-BFE3-13AACCFAEBE7}
		{764A6D51-6845-448B-ACD8-3765F5766A4D} = {9D363117-A5E3-4EC1-B526-6E483CD5EFC2}
	EndGlobalSection
	GlobalSection(ExtensibilityGlobals) = postSolution
		SolutionGuid = {536E5AAD-EB3F-441F-9AF6-16BD02027E56}
	EndGlobalSection
EndGlobal
